
Microsoft Visual Studio Solution File, Format Version 12.00
# Visual Studio Version 17
VisualStudioVersion = 17.2.32516.85
MinimumVisualStudioVersion = 10.0.40219.1
Project("{FAE04EC0-301F-11D3-BF4B-00C04F79EFBC}") = "HW_Mod_3.10", "HW_Mod_3.10.csproj", "{4E465640-1D98-49E5-B0F9-9C46DAD4233B}"
EndProject
Global
	GlobalSection(SolutionConfigurationPlatforms) = preSolution
		Debug|Any CPU = Debug|Any CPU
		Release|Any CPU = Release|Any CPU
	EndGlobalSection
	GlobalSection(ProjectConfigurationPlatforms) = postSolution
		{4E465640-1D98-49E5-B0F9-9C46DAD4233B}.Debug|Any CPU.ActiveCfg = Debug|Any CPU
		{4E465640-1D98-49E5-B0F9-9C46DAD4233B}.Debug|Any CPU.Build.0 = Debug|Any CPU
		{4E465640-1D98-49E5-B0F9-9C46DAD4233B}.Release|Any CPU.ActiveCfg = Release|Any CPU
		{4E465640-1D98-49E5-B0F9-9C46DAD4233B}.Release|Any CPU.Build.0 = Release|Any CPU
	EndGlobalSection
	GlobalSection(SolutionProperties) = preSolution
		HideSolutionNode = FALSE
	EndGlobalSection
	GlobalSection(ExtensibilityGlobals) = postSolution
		SolutionGuid = {858D4B54-C92C-4A3E-B98F-E7E57A333956}
	EndGlobalSection
EndGlobal
